// !$*UTF8*$!
{
	archiveVersion = 1;
	classes = {
	};
	objectVersion = 50;
	objects = {

/* Begin PBXBuildFile section */
		D3B2CFA4263090FF00978B25 /* AppDelegate.swift in Sources */ = {isa = PBXBuildFile; fileRef = D3B2CFA3263090FF00978B25 /* AppDelegate.swift */; };
		D3B2CFA6263090FF00978B25 /* SceneDelegate.swift in Sources */ = {isa = PBXBuildFile; fileRef = D3B2CFA5263090FF00978B25 /* SceneDelegate.swift */; };
		D3B2CFA8263090FF00978B25 /* ViewController.swift in Sources */ = {isa = PBXBuildFile; fileRef = D3B2CFA7263090FF00978B25 /* ViewController.swift */; };
		D3B2CFAB263090FF00978B25 /* Main.storyboard in Resources */ = {isa = PBXBuildFile; fileRef = D3B2CFA9263090FF00978B25 /* Main.storyboard */; };
		D3B2CFAD263090FF00978B25 /* Assets.xcassets in Resources */ = {isa = PBXBuildFile; fileRef = D3B2CFAC263090FF00978B25 /* Assets.xcassets */; };
		D3B2CFB0263090FF00978B25 /* LaunchScreen.storyboard in Resources */ = {isa = PBXBuildFile; fileRef = D3B2CFAE263090FF00978B25 /* LaunchScreen.storyboard */; };
		D3B2CFBC263092B700978B25 /* API.swift in Sources */ = {isa = PBXBuildFile; fileRef = D3B2CFBB263092B700978B25 /* API.swift */; };
		D3B2CFC02630930C00978B25 /* UserModel.swift in Sources */ = {isa = PBXBuildFile; fileRef = D3B2CFBF2630930C00978B25 /* UserModel.swift */; };
		D3B2CFC52630947500978B25 /* UserViewModel.swift in Sources */ = {isa = PBXBuildFile; fileRef = D3B2CFC42630947500978B25 /* UserViewModel.swift */; };
		D3B2CFD52630952500978B25 /* Bindable.swift in Sources */ = {isa = PBXBuildFile; fileRef = D3B2CFD42630952500978B25 /* Bindable.swift */; };
		D3B2CFDC26309B2200978B25 /* GenericResponseModel.swift in Sources */ = {isa = PBXBuildFile; fileRef = D3B2CFDB26309B2200978B25 /* GenericResponseModel.swift */; };
		D3B2CFE026309EC600978B25 /* HTTPService.swift in Sources */ = {isa = PBXBuildFile; fileRef = D3B2CFDF26309EC600978B25 /* HTTPService.swift */; };
		D3B2CFE326309F4F00978B25 /* Reachability.swift in Sources */ = {isa = PBXBuildFile; fileRef = D3B2CFE226309F4F00978B25 /* Reachability.swift */; };
/* End PBXBuildFile section */

/* Begin PBXFileReference section */
		D3B2CFA0263090FF00978B25 /* swift_mvvm_test2.app */ = {isa = PBXFileReference; explicitFileType = wrapper.application; includeInIndex = 0; path = swift_mvvm_test2.app; sourceTree = BUILT_PRODUCTS_DIR; };
		D3B2CFA3263090FF00978B25 /* AppDelegate.swift */ = {isa = PBXFileReference; lastKnownFileType = sourcecode.swift; path = AppDelegate.swift; sourceTree = "<group>"; };
		D3B2CFA5263090FF00978B25 /* SceneDelegate.swift */ = {isa = PBXFileReference; lastKnownFileType = sourcecode.swift; path = SceneDelegate.swift; sourceTree = "<group>"; };
		D3B2CFA7263090FF00978B25 /* ViewController.swift */ = {isa = PBXFileReference; lastKnownFileType = sourcecode.swift; path = ViewController.swift; sourceTree = "<group>"; };
		D3B2CFAA263090FF00978B25 /* Base */ = {isa = PBXFileReference; lastKnownFileType = file.storyboard; name = Base; path = Base.lproj/Main.storyboard; sourceTree = "<group>"; };
		D3B2CFAC263090FF00978B25 /* Assets.xcassets */ = {isa = PBXFileReference; lastKnownFileType = folder.assetcatalog; path = Assets.xcassets; sourceTree = "<group>"; };
		D3B2CFAF263090FF00978B25 /* Base */ = {isa = PBXFileReference; lastKnownFileType = file.storyboard; name = Base; path = Base.lproj/LaunchScreen.storyboard; sourceTree = "<group>"; };
		D3B2CFB1263090FF00978B25 /* Info.plist */ = {isa = PBXFileReference; lastKnownFileType = text.plist.xml; path = Info.plist; sourceTree = "<group>"; };
		D3B2CFBB263092B700978B25 /* API.swift */ = {isa = PBXFileReference; lastKnownFileType = sourcecode.swift; path = API.swift; sourceTree = "<group>"; };
		D3B2CFBF2630930C00978B25 /* UserModel.swift */ = {isa = PBXFileReference; lastKnownFileType = sourcecode.swift; path = UserModel.swift; sourceTree = "<group>"; };
		D3B2CFC42630947500978B25 /* UserViewModel.swift */ = {isa = PBXFileReference; lastKnownFileType = sourcecode.swift; path = UserViewModel.swift; sourceTree = "<group>"; };
		D3B2CFD42630952500978B25 /* Bindable.swift */ = {isa = PBXFileReference; lastKnownFileType = sourcecode.swift; path = Bindable.swift; sourceTree = "<group>"; };
		D3B2CFDB26309B2200978B25 /* GenericResponseModel.swift */ = {isa = PBXFileReference; lastKnownFileType = sourcecode.swift; path = GenericResponseModel.swift; sourceTree = "<group>"; };
		D3B2CFDF26309EC600978B25 /* HTTPService.swift */ = {isa = PBXFileReference; lastKnownFileType = sourcecode.swift; path = HTTPService.swift; sourceTree = "<group>"; };
		D3B2CFE226309F4F00978B25 /* Reachability.swift */ = {isa = PBXFileReference; lastKnownFileType = sourcecode.swift; path = Reachability.swift; sourceTree = "<group>"; };
/* End PBXFileReference section */

/* Begin PBXFrameworksBuildPhase section */
		D3B2CF9D263090FF00978B25 /* Frameworks */ = {
			isa = PBXFrameworksBuildPhase;
			buildActionMask = 2147483647;
			files = (
			);
			runOnlyForDeploymentPostprocessing = 0;
		};
/* End PBXFrameworksBuildPhase section */

/* Begin PBXGroup section */
		D3B2CF97263090FF00978B25 = {
			isa = PBXGroup;
			children = (
				D3B2CFA2263090FF00978B25 /* swift_mvvm_test2 */,
				D3B2CFA1263090FF00978B25 /* Products */,
			);
			sourceTree = "<group>";
		};
		D3B2CFA1263090FF00978B25 /* Products */ = {
			isa = PBXGroup;
			children = (
				D3B2CFA0263090FF00978B25 /* swift_mvvm_test2.app */,
			);
			name = Products;
			sourceTree = "<group>";
		};
		D3B2CFA2263090FF00978B25 /* swift_mvvm_test2 */ = {
			isa = PBXGroup;
			children = (
				D3B2CFD32630951900978B25 /* Helper */,
				D3B2CFBA2630927800978B25 /* API */,
				D3B2CFB92630927200978B25 /* Models */,
				D3B2CFC32630946000978B25 /* ViewModel */,
				D3B2CFB82630925C00978B25 /* Controllers */,
				D3B2CFA3263090FF00978B25 /* AppDelegate.swift */,
				D3B2CFA5263090FF00978B25 /* SceneDelegate.swift */,
				D3B2CFA9263090FF00978B25 /* Main.storyboard */,
				D3B2CFAC263090FF00978B25 /* Assets.xcassets */,
				D3B2CFAE263090FF00978B25 /* LaunchScreen.storyboard */,
				D3B2CFB1263090FF00978B25 /* Info.plist */,
			);
			path = swift_mvvm_test2;
			sourceTree = "<group>";
		};
		D3B2CFB82630925C00978B25 /* Controllers */ = {
			isa = PBXGroup;
			children = (
				D3B2CFA7263090FF00978B25 /* ViewController.swift */,
			);
			path = Controllers;
			sourceTree = "<group>";
		};
		D3B2CFB92630927200978B25 /* Models */ = {
			isa = PBXGroup;
			children = (
				D3B2CFBF2630930C00978B25 /* UserModel.swift */,
			);
			path = Models;
			sourceTree = "<group>";
		};
		D3B2CFBA2630927800978B25 /* API */ = {
			isa = PBXGroup;
			children = (
				D3B2CFBB263092B700978B25 /* API.swift */,
				D3B2CFDB26309B2200978B25 /* GenericResponseModel.swift */,
				D3B2CFDF26309EC600978B25 /* HTTPService.swift */,
			);
			path = API;
			sourceTree = "<group>";
		};
		D3B2CFC32630946000978B25 /* ViewModel */ = {
			isa = PBXGroup;
			children = (
				D3B2CFC42630947500978B25 /* UserViewModel.swift */,
			);
			path = ViewModel;
			sourceTree = "<group>";
		};
		D3B2CFD32630951900978B25 /* Helper */ = {
			isa = PBXGroup;
			children = (
				D3B2CFD42630952500978B25 /* Bindable.swift */,
				D3B2CFE226309F4F00978B25 /* Reachability.swift */,
			);
			path = Helper;
			sourceTree = "<group>";
		};
/* End PBXGroup section */

/* Begin PBXNativeTarget section */
		D3B2CF9F263090FF00978B25 /* swift_mvvm_test2 */ = {
			isa = PBXNativeTarget;
			buildConfigurationList = D3B2CFB4263090FF00978B25 /* Build configuration list for PBXNativeTarget "swift_mvvm_test2" */;
			buildPhases = (
				D3B2CF9C263090FF00978B25 /* Sources */,
				D3B2CF9D263090FF00978B25 /* Frameworks */,
				D3B2CF9E263090FF00978B25 /* Resources */,
			);
			buildRules = (
			);
			dependencies = (
			);
			name = swift_mvvm_test2;
			productName = swift_mvvm_test2;
			productReference = D3B2CFA0263090FF00978B25 /* swift_mvvm_test2.app */;
			productType = "com.apple.product-type.application";
		};
/* End PBXNativeTarget section */

/* Begin PBXProject section */
		D3B2CF98263090FF00978B25 /* Project object */ = {
			isa = PBXProject;
			attributes = {
				LastSwiftUpdateCheck = 1240;
				LastUpgradeCheck = 1240;
				TargetAttributes = {
					D3B2CF9F263090FF00978B25 = {
						CreatedOnToolsVersion = 12.4;
					};
				};
			};
			buildConfigurationList = D3B2CF9B263090FF00978B25 /* Build configuration list for PBXProject "swift_mvvm_test2" */;
			compatibilityVersion = "Xcode 9.3";
			developmentRegion = en;
			hasScannedForEncodings = 0;
			knownRegions = (
				en,
				Base,
			);
			mainGroup = D3B2CF97263090FF00978B25;
			productRefGroup = D3B2CFA1263090FF00978B25 /* Products */;
			projectDirPath = "";
			projectRoot = "";
			targets = (
				D3B2CF9F263090FF00978B25 /* swift_mvvm_test2 */,
			);
		};
/* End PBXProject section */

/* Begin PBXResourcesBuildPhase section */
		D3B2CF9E263090FF00978B25 /* Resources */ = {
			isa = PBXResourcesBuildPhase;
			buildActionMask = 2147483647;
			files = (
				D3B2CFB0263090FF00978B25 /* LaunchScreen.storyboard in Resources */,
				D3B2CFAD263090FF00978B25 /* Assets.xcassets in Resources */,
				D3B2CFAB263090FF00978B25 /* Main.storyboard in Resources */,
			);
			runOnlyForDeploymentPostprocessing = 0;
		};
/* End PBXResourcesBuildPhase section */

/* Begin PBXSourcesBuildPhase section */
		D3B2CF9C263090FF00978B25 /* Sources */ = {
			isa = PBXSourcesBuildPhase;
			buildActionMask = 2147483647;
			files = (
				D3B2CFA8263090FF00978B25 /* ViewController.swift in Sources */,
				D3B2CFD52630952500978B25 /* Bindable.swift in Sources */,
				D3B2CFDC26309B2200978B25 /* GenericResponseModel.swift in Sources */,
				D3B2CFC52630947500978B25 /* UserViewModel.swift in Sources */,
				D3B2CFA4263090FF00978B25 /* AppDelegate.swift in Sources */,
				D3B2CFBC263092B700978B25 /* API.swift in Sources */,
				D3B2CFE026309EC600978B25 /* HTTPService.swift in Sources */,
				D3B2CFC02630930C00978B25 /* UserModel.swift in Sources */,
				D3B2CFE326309F4F00978B25 /* Reachability.swift in Sources */,
				D3B2CFA6263090FF00978B25 /* SceneDelegate.swift in Sources */,
			);
			runOnlyForDeploymentPostprocessing = 0;
		};
/* End PBXSourcesBuildPhase section */

/* Begin PBXVariantGroup section */
		D3B2CFA9263090FF00978B25 /* Main.storyboard */ = {
			isa = PBXVariantGroup;
			children = (
				D3B2CFAA263090FF00978B25 /* Base */,
			);
			name = Main.storyboard;
			sourceTree = "<group>";
		};
		D3B2CFAE263090FF00978B25 /* LaunchScreen.storyboard */ = {
			isa = PBXVariantGroup;
			children = (
				D3B2CFAF263090FF00978B25 /* Base */,
			);
			name = LaunchScreen.storyboard;
			sourceTree = "<group>";
		};
/* End PBXVariantGroup section */

/* Begin XCBuildConfiguration section */
		D3B2CFB2263090FF00978B25 /* Debug */ = {
			isa = XCBuildConfiguration;
			buildSettings = {
				ALWAYS_SEARCH_USER_PATHS = NO;
				CLANG_ANALYZER_NONNULL = YES;
				CLANG_ANALYZER_NUMBER_OBJECT_CONVERSION = YES_AGGRESSIVE;
				CLANG_CXX_LANGUAGE_STANDARD = "gnu++14";
				CLANG_CXX_LIBRARY = "libc++";
				CLANG_ENABLE_MODULES = YES;
				CLANG_ENABLE_OBJC_ARC = YES;
				CLANG_ENABLE_OBJC_WEAK = YES;
				CLANG_WARN_BLOCK_CAPTURE_AUTORELEASING = YES;
				CLANG_WARN_BOOL_CONVERSION = YES;
				CLANG_WARN_COMMA = YES;
				CLANG_WARN_CONSTANT_CONVERSION = YES;
				CLANG_WARN_DEPRECATED_OBJC_IMPLEMENTATIONS = YES;
				CLANG_WARN_DIRECT_OBJC_ISA_USAGE = YES_ERROR;
				CLANG_WARN_DOCUMENTATION_COMMENTS = YES;
				CLANG_WARN_EMPTY_BODY = YES;
				CLANG_WARN_ENUM_CONVERSION = YES;
				CLANG_WARN_INFINITE_RECURSION = YES;
				CLANG_WARN_INT_CONVERSION = YES;
				CLANG_WARN_NON_LITERAL_NULL_CONVERSION = YES;
				CLANG_WARN_OBJC_IMPLICIT_RETAIN_SELF = YES;
				CLANG_WARN_OBJC_LITERAL_CONVERSION = YES;
				CLANG_WARN_OBJC_ROOT_CLASS = YES_ERROR;
				CLANG_WARN_QUOTED_INCLUDE_IN_FRAMEWORK_HEADER = YES;
				CLANG_WARN_RANGE_LOOP_ANALYSIS = YES;
				CLANG_WARN_STRICT_PROTOTYPES = YES;
				CLANG_WARN_SUSPICIOUS_MOVE = YES;
				CLANG_WARN_UNGUARDED_AVAILABILITY = YES_AGGRESSIVE;
				CLANG_WARN_UNREACHABLE_CODE = YES;
				CLANG_WARN__DUPLICATE_METHOD_MATCH = YES;
				COPY_PHASE_STRIP = NO;
				DEBUG_INFORMATION_FORMAT = dwarf;
				ENABLE_STRICT_OBJC_MSGSEND = YES;
				ENABLE_TESTABILITY = YES;
				GCC_C_LANGUAGE_STANDARD = gnu11;
				GCC_DYNAMIC_NO_PIC = NO;
				GCC_NO_COMMON_BLOCKS = YES;
				GCC_OPTIMIZATION_LEVEL = 0;
				GCC_PREPROCESSOR_DEFINITIONS = (
					"DEBUG=1",
					"$(inherited)",
				);
				GCC_WARN_64_TO_32_BIT_CONVERSION = YES;
				GCC_WARN_ABOUT_RETURN_TYPE = YES_ERROR;
				GCC_WARN_UNDECLARED_SELECTOR = YES;
				GCC_WARN_UNINITIALIZED_AUTOS = YES_AGGRESSIVE;
				GCC_WARN_UNUSED_FUNCTION = YES;
				GCC_WARN_UNUSED_VARIABLE = YES;
				IPHONEOS_DEPLOYMENT_TARGET = 14.4;
				MTL_ENABLE_DEBUG_INFO = INCLUDE_SOURCE;
				MTL_FAST_MATH = YES;
				ONLY_ACTIVE_ARCH = YES;
				SDKROOT = iphoneos;
				SWIFT_ACTIVE_COMPILATION_CONDITIONS = DEBUG;
				SWIFT_OPTIMIZATION_LEVEL = "-Onone";
			};
			name = Debug;
		};
		D3B2CFB3263090FF00978B25 /* Release */ = {
			isa = XCBuildConfiguration;
			buildSettings = {
				ALWAYS_SEARCH_USER_PATHS = NO;
				CLANG_ANALYZER_NONNULL = YES;
				CLANG_ANALYZER_NUMBER_OBJECT_CONVERSION = YES_AGGRESSIVE;
				CLANG_CXX_LANGUAGE_STANDARD = "gnu++14";
				CLANG_CXX_LIBRARY = "libc++";
				CLANG_ENABLE_MODULES = YES;
				CLANG_ENABLE_OBJC_ARC = YES;
				CLANG_ENABLE_OBJC_WEAK = YES;
				CLANG_WARN_BLOCK_CAPTURE_AUTORELEASING = YES;
				CLANG_WARN_BOOL_CONVERSION = YES;
				CLANG_WARN_COMMA = YES;
				CLANG_WARN_CONSTANT_CONVERSION = YES;
				CLANG_WARN_DEPRECATED_OBJC_IMPLEMENTATIONS = YES;
				CLANG_WARN_DIRECT_OBJC_ISA_USAGE = YES_ERROR;
				CLANG_WARN_DOCUMENTATION_COMMENTS = YES;
				CLANG_WARN_EMPTY_BODY = YES;
				CLANG_WARN_ENUM_CONVERSION = YES;
				CLANG_WARN_INFINITE_RECURSION = YES;
				CLANG_WARN_INT_CONVERSION = YES;
				CLANG_WARN_NON_LITERAL_NULL_CONVERSION = YES;
				CLANG_WARN_OBJC_IMPLICIT_RETAIN_SELF = YES;
				CLANG_WARN_OBJC_LITERAL_CONVERSION = YES;
				CLANG_WARN_OBJC_ROOT_CLASS = YES_ERROR;
				CLANG_WARN_QUOTED_INCLUDE_IN_FRAMEWORK_HEADER = YES;
				CLANG_WARN_RANGE_LOOP_ANALYSIS = YES;
				CLANG_WARN_STRICT_PROTOTYPES = YES;
				CLANG_WARN_SUSPICIOUS_MOVE = YES;
				CLANG_WARN_UNGUARDED_AVAILABILITY = YES_AGGRESSIVE;
				CLANG_WARN_UNREACHABLE_CODE = YES;
				CLANG_WARN__DUPLICATE_METHOD_MATCH = YES;
				COPY_PHASE_STRIP = NO;
				DEBUG_INFORMATION_FORMAT = "dwarf-with-dsym";
				ENABLE_NS_ASSERTIONS = NO;
				ENABLE_STRICT_OBJC_MSGSEND = YES;
				GCC_C_LANGUAGE_STANDARD = gnu11;
				GCC_NO_COMMON_BLOCKS = YES;
				GCC_WARN_64_TO_32_BIT_CONVERSION = YES;
				GCC_WARN_ABOUT_RETURN_TYPE = YES_ERROR;
				GCC_WARN_UNDECLARED_SELECTOR = YES;
				GCC_WARN_UNINITIALIZED_AUTOS = YES_AGGRESSIVE;
				GCC_WARN_UNUSED_FUNCTION = YES;
				GCC_WARN_UNUSED_VARIABLE = YES;
				IPHONEOS_DEPLOYMENT_TARGET = 14.4;
				MTL_ENABLE_DEBUG_INFO = NO;
				MTL_FAST_MATH = YES;
				SDKROOT = iphoneos;
				SWIFT_COMPILATION_MODE = wholemodule;
				SWIFT_OPTIMIZATION_LEVEL = "-O";
				VALIDATE_PRODUCT = YES;
			};
			name = Release;
		};
		D3B2CFB5263090FF00978B25 /* Debug */ = {
			isa = XCBuildConfiguration;
			buildSettings = {
				ASSETCATALOG_COMPILER_APPICON_NAME = AppIcon;
				ASSETCATALOG_COMPILER_GLOBAL_ACCENT_COLOR_NAME = AccentColor;
				CODE_SIGN_STYLE = Automatic;
				INFOPLIST_FILE = swift_mvvm_test2/Info.plist;
				LD_RUNPATH_SEARCH_PATHS = (
					"$(inherited)",
					"@executable_path/Frameworks",
				);
				PRODUCT_BUNDLE_IDENTIFIER = "fueymc.com.swift-mvvm-test2";
				PRODUCT_NAME = "$(TARGET_NAME)";
				SWIFT_VERSION = 5.0;
				TARGETED_DEVICE_FAMILY = "1,2";
			};
			name = Debug;
		};
		D3B2CFB6263090FF00978B25 /* Release */ = {
			isa = XCBuildConfiguration;
			buildSettings = {
				ASSETCATALOG_COMPILER_APPICON_NAME = AppIcon;
				ASSETCATALOG_COMPILER_GLOBAL_ACCENT_COLOR_NAME = AccentColor;
				CODE_SIGN_STYLE = Automatic;
				INFOPLIST_FILE = swift_mvvm_test2/Info.plist;
				LD_RUNPATH_SEARCH_PATHS = (
					"$(inherited)",
					"@executable_path/Frameworks",
				);
				PRODUCT_BUNDLE_IDENTIFIER = "fueymc.com.swift-mvvm-test2";
				PRODUCT_NAME = "$(TARGET_NAME)";
				SWIFT_VERSION = 5.0;
				TARGETED_DEVICE_FAMILY = "1,2";
			};
			name = Release;
		};
/* End XCBuildConfiguration section */

/* Begin XCConfigurationList section */
		D3B2CF9B263090FF00978B25 /* Build configuration list for PBXProject "swift_mvvm_test2" */ = {
			isa = XCConfigurationList;
			buildConfigurations = (
				D3B2CFB2263090FF00978B25 /* Debug */,
				D3B2CFB3263090FF00978B25 /* Release */,
			);
			defaultConfigurationIsVisible = 0;
			defaultConfigurationName = Release;
		};
		D3B2CFB4263090FF00978B25 /* Build configuration list for PBXNativeTarget "swift_mvvm_test2" */ = {
			isa = XCConfigurationList;
			buildConfigurations = (
				D3B2CFB5263090FF00978B25 /* Debug */,
				D3B2CFB6263090FF00978B25 /* Release */,
			);
			defaultConfigurationIsVisible = 0;
			defaultConfigurationName = Release;
		};
/* End XCConfigurationList section */
	};
	rootObject = D3B2CF98263090FF00978B25 /* Project object */;
}
